// !$*UTF8*$!
{
	archiveVersion = 1;
	classes = {
	};
	objectVersion = 77;
	objects = {

/* Begin PBXBuildFile section */
		6EC75E1C2EEE5C4F00250522 /* WidgetKit.framework in Frameworks */ = {isa = PBXBuildFile; fileRef = 6EC75E1B2EEE5C4F00250522 /* WidgetKit.framework */; };
		6EC75E1E2EEE5C4F00250522 /* SwiftUI.framework in Frameworks */ = {isa = PBXBuildFile; fileRef = 6EC75E1D2EEE5C4F00250522 /* SwiftUI.framework */; };
		6EC75E2F2EEE5C5100250522 /* CommunITAppWidgetExtension.appex in Embed Foundation Extensions */ = {isa = PBXBuildFile; fileRef = 6EC75E192EEE5C4F00250522 /* CommunITAppWidgetExtension.appex */; settings = {ATTRIBUTES = (RemoveHeadersOnCopy, ); }; };
		C40A3E8C2ECAC17200273EED /* FirebaseAI in Frameworks */ = {isa = PBXBuildFile; productRef = C40A3E8B2ECAC17200273EED /* FirebaseAI */; };
		C40A3E8E2ECAC17200273EED /* FirebaseAnalytics in Frameworks */ = {isa = PBXBuildFile; productRef = C40A3E8D2ECAC17200273EED /* FirebaseAnalytics */; };
		C40A3E902ECAC17200273EED /* FirebaseAnalyticsCore in Frameworks */ = {isa = PBXBuildFile; productRef = C40A3E8F2ECAC17200273EED /* FirebaseAnalyticsCore */; };
		C40A3E922ECAC17200273EED /* FirebaseAnalyticsIdentitySupport in Frameworks */ = {isa = PBXBuildFile; productRef = C40A3E912ECAC17200273EED /* FirebaseAnalyticsIdentitySupport */; };
		C40A3E942ECAC17200273EED /* FirebaseAuth in Frameworks */ = {isa = PBXBuildFile; productRef = C40A3E932ECAC17200273EED /* FirebaseAuth */; };
		C40A3E962ECAC17200273EED /* FirebaseCore in Frameworks */ = {isa = PBXBuildFile; productRef = C40A3E952ECAC17200273EED /* FirebaseCore */; };
		C40A3E982ECAC17200273EED /* FirebaseCrashlytics in Frameworks */ = {isa = PBXBuildFile; productRef = C40A3E972ECAC17200273EED /* FirebaseCrashlytics */; };
		C40A3E9A2ECAC17200273EED /* FirebaseDatabase in Frameworks */ = {isa = PBXBuildFile; productRef = C40A3E992ECAC17200273EED /* FirebaseDatabase */; };
		C40A3E9C2ECAC17200273EED /* FirebaseFirestore in Frameworks */ = {isa = PBXBuildFile; productRef = C40A3E9B2ECAC17200273EED /* FirebaseFirestore */; };
		C40A3E9E2ECAC17200273EED /* FirebaseFirestoreCombine-Community in Frameworks */ = {isa = PBXBuildFile; productRef = C40A3E9D2ECAC17200273EED /* FirebaseFirestoreCombine-Community */; };
		C40A3EA02ECAC17200273EED /* FirebaseFunctions in Frameworks */ = {isa = PBXBuildFile; productRef = C40A3E9F2ECAC17200273EED /* FirebaseFunctions */; };
		C40A3EA22ECAC17200273EED /* FirebaseFunctionsCombine-Community in Frameworks */ = {isa = PBXBuildFile; productRef = C40A3EA12ECAC17200273EED /* FirebaseFunctionsCombine-Community */; };
		C40A3EA42ECAC17200273EED /* FirebaseInstallations in Frameworks */ = {isa = PBXBuildFile; productRef = C40A3EA32ECAC17200273EED /* FirebaseInstallations */; };
		C40A3EA62ECAC17200273EED /* FirebasePerformance in Frameworks */ = {isa = PBXBuildFile; productRef = C40A3EA52ECAC17200273EED /* FirebasePerformance */; };
		C40A3EA82ECAC17200273EED /* FirebaseStorage in Frameworks */ = {isa = PBXBuildFile; productRef = C40A3EA72ECAC17200273EED /* FirebaseStorage */; };
		C40A3EAA2ECAC17200273EED /* FirebaseStorageCombine-Community in Frameworks */ = {isa = PBXBuildFile; productRef = C40A3EA92ECAC17200273EED /* FirebaseStorageCombine-Community */; };
/* End PBXBuildFile section */

/* Begin PBXContainerItemProxy section */
		6EC75E2D2EEE5C5100250522 /* PBXContainerItemProxy */ = {
			isa = PBXContainerItemProxy;
			containerPortal = C40A3D4A2EC7E35100273EED /* Project object */;
			proxyType = 1;
			remoteGlobalIDString = 6EC75E182EEE5C4F00250522;
			remoteInfo = CommunITAppWidgetExtension;
		};
		C40A3D652EC7E35300273EED /* PBXContainerItemProxy */ = {
			isa = PBXContainerItemProxy;
			containerPortal = C40A3D4A2EC7E35100273EED /* Project object */;
			proxyType = 1;
			remoteGlobalIDString = C40A3D512EC7E35100273EED;
			remoteInfo = CommunityApp;
		};
		C40A3D6F2EC7E35300273EED /* PBXContainerItemProxy */ = {
			isa = PBXContainerItemProxy;
			containerPortal = C40A3D4A2EC7E35100273EED /* Project object */;
			proxyType = 1;
			remoteGlobalIDString = C40A3D512EC7E35100273EED;
			remoteInfo = CommunityApp;
		};
/* End PBXContainerItemProxy section */

/* Begin PBXCopyFilesBuildPhase section */
		6EC75E342EEE5C5100250522 /* Embed Foundation Extensions */ = {
			isa = PBXCopyFilesBuildPhase;
			buildActionMask = 2147483647;
			dstPath = "";
			dstSubfolderSpec = 13;
			files = (
				6EC75E2F2EEE5C5100250522 /* CommunITAppWidgetExtension.appex in Embed Foundation Extensions */,
			);
			name = "Embed Foundation Extensions";
			runOnlyForDeploymentPostprocessing = 0;
		};
/* End PBXCopyFilesBuildPhase section */

/* Begin PBXFileReference section */
		6EC75E192EEE5C4F00250522 /* CommunITAppWidgetExtension.appex */ = {isa = PBXFileReference; explicitFileType = "wrapper.app-extension"; includeInIndex = 0; path = CommunITAppWidgetExtension.appex; sourceTree = BUILT_PRODUCTS_DIR; };
		6EC75E1B2EEE5C4F00250522 /* WidgetKit.framework */ = {isa = PBXFileReference; lastKnownFileType = wrapper.framework; name = WidgetKit.framework; path = System/Library/Frameworks/WidgetKit.framework; sourceTree = SDKROOT; };
		6EC75E1D2EEE5C4F00250522 /* SwiftUI.framework */ = {isa = PBXFileReference; lastKnownFileType = wrapper.framework; name = SwiftUI.framework; path = System/Library/Frameworks/SwiftUI.framework; sourceTree = SDKROOT; };
		6EC75E362EEE5C7D00250522 /* CommunITAppWidgetExtension.entitlements */ = {isa = PBXFileReference; lastKnownFileType = text.plist.entitlements; path = CommunITAppWidgetExtension.entitlements; sourceTree = "<group>"; };
		C40A3D522EC7E35100273EED /* CommunityApp.app */ = {isa = PBXFileReference; explicitFileType = wrapper.application; includeInIndex = 0; path = CommunityApp.app; sourceTree = BUILT_PRODUCTS_DIR; };
		C40A3D642EC7E35300273EED /* CommunityAppTests.xctest */ = {isa = PBXFileReference; explicitFileType = wrapper.cfbundle; includeInIndex = 0; path = CommunityAppTests.xctest; sourceTree = BUILT_PRODUCTS_DIR; };
		C40A3D6E2EC7E35300273EED /* CommunityAppUITests.xctest */ = {isa = PBXFileReference; explicitFileType = wrapper.cfbundle; includeInIndex = 0; path = CommunityAppUITests.xctest; sourceTree = BUILT_PRODUCTS_DIR; };
/* End PBXFileReference section */

/* Begin PBXFileSystemSynchronizedBuildFileExceptionSet section */
		6EC75E302EEE5C5100250522 /* Exceptions for "CommunITAppWidget" folder in "CommunITAppWidgetExtension" target */ = {
			isa = PBXFileSystemSynchronizedBuildFileExceptionSet;
			membershipExceptions = (
				Info.plist,
			);
			target = 6EC75E182EEE5C4F00250522 /* CommunITAppWidgetExtension */;
		};
		6EC75E3B2EEE5DE300250522 /* Exceptions for "CommunityApp" folder in "CommunITAppWidgetExtension" target */ = {
			isa = PBXFileSystemSynchronizedBuildFileExceptionSet;
			membershipExceptions = (
				Model/WidgetEvent.swift,
			);
			target = 6EC75E182EEE5C4F00250522 /* CommunITAppWidgetExtension */;
		};
/* End PBXFileSystemSynchronizedBuildFileExceptionSet section */

/* Begin PBXFileSystemSynchronizedRootGroup section */
		6EC75E1F2EEE5C4F00250522 /* CommunITAppWidget */ = {
			isa = PBXFileSystemSynchronizedRootGroup;
			exceptions = (
				6EC75E302EEE5C5100250522 /* Exceptions for "CommunITAppWidget" folder in "CommunITAppWidgetExtension" target */,
			);
			path = CommunITAppWidget;
			sourceTree = "<group>";
		};
		C40A3D542EC7E35100273EED /* CommunityApp */ = {
			isa = PBXFileSystemSynchronizedRootGroup;
			exceptions = (
				6EC75E3B2EEE5DE300250522 /* Exceptions for "CommunityApp" folder in "CommunITAppWidgetExtension" target */,
			);
			path = CommunityApp;
			sourceTree = "<group>";
		};
		C40A3D672EC7E35300273EED /* CommunityAppTests */ = {
			isa = PBXFileSystemSynchronizedRootGroup;
			path = CommunityAppTests;
			sourceTree = "<group>";
		};
		C40A3D712EC7E35300273EED /* CommunityAppUITests */ = {
			isa = PBXFileSystemSynchronizedRootGroup;
			path = CommunityAppUITests;
			sourceTree = "<group>";
		};
/* End PBXFileSystemSynchronizedRootGroup section */

/* Begin PBXFrameworksBuildPhase section */
		6EC75E162EEE5C4F00250522 /* Frameworks */ = {
			isa = PBXFrameworksBuildPhase;
			buildActionMask = 2147483647;
			files = (
				6EC75E1E2EEE5C4F00250522 /* SwiftUI.framework in Frameworks */,
				6EC75E1C2EEE5C4F00250522 /* WidgetKit.framework in Frameworks */,
			);
			runOnlyForDeploymentPostprocessing = 0;
		};
		C40A3D4F2EC7E35100273EED /* Frameworks */ = {
			isa = PBXFrameworksBuildPhase;
			buildActionMask = 2147483647;
			files = (
				C40A3EA62ECAC17200273EED /* FirebasePerformance in Frameworks */,
				C40A3E922ECAC17200273EED /* FirebaseAnalyticsIdentitySupport in Frameworks */,
				C40A3E942ECAC17200273EED /* FirebaseAuth in Frameworks */,
				C40A3EA42ECAC17200273EED /* FirebaseInstallations in Frameworks */,
				C40A3E8E2ECAC17200273EED /* FirebaseAnalytics in Frameworks */,
				C40A3E9E2ECAC17200273EED /* FirebaseFirestoreCombine-Community in Frameworks */,
				C40A3E982ECAC17200273EED /* FirebaseCrashlytics in Frameworks */,
				C40A3E902ECAC17200273EED /* FirebaseAnalyticsCore in Frameworks */,
				C40A3EA82ECAC17200273EED /* FirebaseStorage in Frameworks */,
				C40A3E9C2ECAC17200273EED /* FirebaseFirestore in Frameworks */,
				C40A3EAA2ECAC17200273EED /* FirebaseStorageCombine-Community in Frameworks */,
				C40A3E962ECAC17200273EED /* FirebaseCore in Frameworks */,
				C40A3E9A2ECAC17200273EED /* FirebaseDatabase in Frameworks */,
				C40A3EA02ECAC17200273EED /* FirebaseFunctions in Frameworks */,
				C40A3E8C2ECAC17200273EED /* FirebaseAI in Frameworks */,
				C40A3EA22ECAC17200273EED /* FirebaseFunctionsCombine-Community in Frameworks */,
			);
			runOnlyForDeploymentPostprocessing = 0;
		};
		C40A3D612EC7E35300273EED /* Frameworks */ = {
			isa = PBXFrameworksBuildPhase;
			buildActionMask = 2147483647;
			files = (
			);
			runOnlyForDeploymentPostprocessing = 0;
		};
		C40A3D6B2EC7E35300273EED /* Frameworks */ = {
			isa = PBXFrameworksBuildPhase;
			buildActionMask = 2147483647;
			files = (
			);
			runOnlyForDeploymentPostprocessing = 0;
		};
/* End PBXFrameworksBuildPhase section */

/* Begin PBXGroup section */
		6EC75E1A2EEE5C4F00250522 /* Frameworks */ = {
			isa = PBXGroup;
			children = (
				6EC75E1B2EEE5C4F00250522 /* WidgetKit.framework */,
				6EC75E1D2EEE5C4F00250522 /* SwiftUI.framework */,
			);
			name = Frameworks;
			sourceTree = "<group>";
		};
		C40A3D492EC7E35100273EED = {
			isa = PBXGroup;
			children = (
				6EC75E362EEE5C7D00250522 /* CommunITAppWidgetExtension.entitlements */,
				C40A3D542EC7E35100273EED /* CommunityApp */,
				C40A3D672EC7E35300273EED /* CommunityAppTests */,
				C40A3D712EC7E35300273EED /* CommunityAppUITests */,
				6EC75E1F2EEE5C4F00250522 /* CommunITAppWidget */,
				6EC75E1A2EEE5C4F00250522 /* Frameworks */,
				C40A3D532EC7E35100273EED /* Products */,
			);
			sourceTree = "<group>";
		};
		C40A3D532EC7E35100273EED /* Products */ = {
			isa = PBXGroup;
			children = (
				C40A3D522EC7E35100273EED /* CommunityApp.app */,
				C40A3D642EC7E35300273EED /* CommunityAppTests.xctest */,
				C40A3D6E2EC7E35300273EED /* CommunityAppUITests.xctest */,
				6EC75E192EEE5C4F00250522 /* CommunITAppWidgetExtension.appex */,
			);
			name = Products;
			sourceTree = "<group>";
		};
/* End PBXGroup section */

/* Begin PBXNativeTarget section */
		6EC75E182EEE5C4F00250522 /* CommunITAppWidgetExtension */ = {
			isa = PBXNativeTarget;
			buildConfigurationList = 6EC75E312EEE5C5100250522 /* Build configuration list for PBXNativeTarget "CommunITAppWidgetExtension" */;
			buildPhases = (
				6EC75E152EEE5C4F00250522 /* Sources */,
				6EC75E162EEE5C4F00250522 /* Frameworks */,
				6EC75E172EEE5C4F00250522 /* Resources */,
			);
			buildRules = (
			);
			dependencies = (
			);
			fileSystemSynchronizedGroups = (
				6EC75E1F2EEE5C4F00250522 /* CommunITAppWidget */,
			);
			name = CommunITAppWidgetExtension;
			packageProductDependencies = (
			);
			productName = CommunITAppWidgetExtension;
			productReference = 6EC75E192EEE5C4F00250522 /* CommunITAppWidgetExtension.appex */;
			productType = "com.apple.product-type.app-extension";
		};
		C40A3D512EC7E35100273EED /* CommunityApp */ = {
			isa = PBXNativeTarget;
			buildConfigurationList = C40A3D782EC7E35300273EED /* Build configuration list for PBXNativeTarget "CommunityApp" */;
			buildPhases = (
				C40A3D4E2EC7E35100273EED /* Sources */,
				C40A3D4F2EC7E35100273EED /* Frameworks */,
				C40A3D502EC7E35100273EED /* Resources */,
				6EC75E342EEE5C5100250522 /* Embed Foundation Extensions */,
			);
			buildRules = (
			);
			dependencies = (
				6EC75E2E2EEE5C5100250522 /* PBXTargetDependency */,
			);
			fileSystemSynchronizedGroups = (
				C40A3D542EC7E35100273EED /* CommunityApp */,
			);
			name = CommunityApp;
			packageProductDependencies = (
				C40A3E8B2ECAC17200273EED /* FirebaseAI */,
				C40A3E8D2ECAC17200273EED /* FirebaseAnalytics */,
				C40A3E8F2ECAC17200273EED /* FirebaseAnalyticsCore */,
				C40A3E912ECAC17200273EED /* FirebaseAnalyticsIdentitySupport */,
				C40A3E932ECAC17200273EED /* FirebaseAuth */,
				C40A3E952ECAC17200273EED /* FirebaseCore */,
				C40A3E972ECAC17200273EED /* FirebaseCrashlytics */,
				C40A3E992ECAC17200273EED /* FirebaseDatabase */,
				C40A3E9B2ECAC17200273EED /* FirebaseFirestore */,
				C40A3E9D2ECAC17200273EED /* FirebaseFirestoreCombine-Community */,
				C40A3E9F2ECAC17200273EED /* FirebaseFunctions */,
				C40A3EA12ECAC17200273EED /* FirebaseFunctionsCombine-Community */,
				C40A3EA32ECAC17200273EED /* FirebaseInstallations */,
				C40A3EA52ECAC17200273EED /* FirebasePerformance */,
				C40A3EA72ECAC17200273EED /* FirebaseStorage */,
				C40A3EA92ECAC17200273EED /* FirebaseStorageCombine-Community */,
			);
			productName = CommunityApp;
			productReference = C40A3D522EC7E35100273EED /* CommunityApp.app */;
			productType = "com.apple.product-type.application";
		};
		C40A3D632EC7E35300273EED /* CommunityAppTests */ = {
			isa = PBXNativeTarget;
			buildConfigurationList = C40A3D7B2EC7E35300273EED /* Build configuration list for PBXNativeTarget "CommunityAppTests" */;
			buildPhases = (
				C40A3D602EC7E35300273EED /* Sources */,
				C40A3D612EC7E35300273EED /* Frameworks */,
				C40A3D622EC7E35300273EED /* Resources */,
			);
			buildRules = (
			);
			dependencies = (
				C40A3D662EC7E35300273EED /* PBXTargetDependency */,
			);
			fileSystemSynchronizedGroups = (
				C40A3D672EC7E35300273EED /* CommunityAppTests */,
			);
			name = CommunityAppTests;
			packageProductDependencies = (
			);
			productName = CommunityAppTests;
			productReference = C40A3D642EC7E35300273EED /* CommunityAppTests.xctest */;
			productType = "com.apple.product-type.bundle.unit-test";
		};
		C40A3D6D2EC7E35300273EED /* CommunityAppUITests */ = {
			isa = PBXNativeTarget;
			buildConfigurationList = C40A3D7E2EC7E35300273EED /* Build configuration list for PBXNativeTarget "CommunityAppUITests" */;
			buildPhases = (
				C40A3D6A2EC7E35300273EED /* Sources */,
				C40A3D6B2EC7E35300273EED /* Frameworks */,
				C40A3D6C2EC7E35300273EED /* Resources */,
			);
			buildRules = (
			);
			dependencies = (
				C40A3D702EC7E35300273EED /* PBXTargetDependency */,
			);
			fileSystemSynchronizedGroups = (
				C40A3D712EC7E35300273EED /* CommunityAppUITests */,
			);
			name = CommunityAppUITests;
			packageProductDependencies = (
			);
			productName = CommunityAppUITests;
			productReference = C40A3D6E2EC7E35300273EED /* CommunityAppUITests.xctest */;
			productType = "com.apple.product-type.bundle.ui-testing";
		};
/* End PBXNativeTarget section */

/* Begin PBXProject section */
		C40A3D4A2EC7E35100273EED /* Project object */ = {
			isa = PBXProject;
			attributes = {
				BuildIndependentTargetsInParallel = 1;
				LastSwiftUpdateCheck = 2600;
				LastUpgradeCheck = 1640;
				TargetAttributes = {
					6EC75E182EEE5C4F00250522 = {
						CreatedOnToolsVersion = 26.0.1;
					};
					C40A3D512EC7E35100273EED = {
						CreatedOnToolsVersion = 16.4;
					};
					C40A3D632EC7E35300273EED = {
						CreatedOnToolsVersion = 16.4;
						TestTargetID = C40A3D512EC7E35100273EED;
					};
					C40A3D6D2EC7E35300273EED = {
						CreatedOnToolsVersion = 16.4;
						TestTargetID = C40A3D512EC7E35100273EED;
					};
				};
			};
			buildConfigurationList = C40A3D4D2EC7E35100273EED /* Build configuration list for PBXProject "CommunityApp" */;
			developmentRegion = en;
			hasScannedForEncodings = 0;
			knownRegions = (
				en,
				Base,
			);
			mainGroup = C40A3D492EC7E35100273EED;
			minimizedProjectReferenceProxies = 1;
			packageReferences = (
				C40A3E8A2ECAC17200273EED /* XCRemoteSwiftPackageReference "firebase-ios-sdk" */,
			);
			preferredProjectObjectVersion = 77;
			productRefGroup = C40A3D532EC7E35100273EED /* Products */;
			projectDirPath = "";
			projectRoot = "";
			targets = (
				C40A3D512EC7E35100273EED /* CommunityApp */,
				C40A3D632EC7E35300273EED /* CommunityAppTests */,
				C40A3D6D2EC7E35300273EED /* CommunityAppUITests */,
				6EC75E182EEE5C4F00250522 /* CommunITAppWidgetExtension */,
			);
		};
/* End PBXProject section */

/* Begin PBXResourcesBuildPhase section */
		6EC75E172EEE5C4F00250522 /* Resources */ = {
			isa = PBXResourcesBuildPhase;
			buildActionMask = 2147483647;
			files = (
			);
			runOnlyForDeploymentPostprocessing = 0;
		};
		C40A3D502EC7E35100273EED /* Resources */ = {
			isa = PBXResourcesBuildPhase;
			buildActionMask = 2147483647;
			files = (
			);
			runOnlyForDeploymentPostprocessing = 0;
		};
		C40A3D622EC7E35300273EED /* Resources */ = {
			isa = PBXResourcesBuildPhase;
			buildActionMask = 2147483647;
			files = (
			);
			runOnlyForDeploymentPostprocessing = 0;
		};
		C40A3D6C2EC7E35300273EED /* Resources */ = {
			isa = PBXResourcesBuildPhase;
			buildActionMask = 2147483647;
			files = (
			);
			runOnlyForDeploymentPostprocessing = 0;
		};
/* End PBXResourcesBuildPhase section */

/* Begin PBXSourcesBuildPhase section */
		6EC75E152EEE5C4F00250522 /* Sources */ = {
			isa = PBXSourcesBuildPhase;
			buildActionMask = 2147483647;
			files = (
			);
			runOnlyForDeploymentPostprocessing = 0;
		};
		C40A3D4E2EC7E35100273EED /* Sources */ = {
			isa = PBXSourcesBuildPhase;
			buildActionMask = 2147483647;
			files = (
			);
			runOnlyForDeploymentPostprocessing = 0;
		};
		C40A3D602EC7E35300273EED /* Sources */ = {
			isa = PBXSourcesBuildPhase;
			buildActionMask = 2147483647;
			files = (
			);
			runOnlyForDeploymentPostprocessing = 0;
		};
		C40A3D6A2EC7E35300273EED /* Sources */ = {
			isa = PBXSourcesBuildPhase;
			buildActionMask = 2147483647;
			files = (
			);
			runOnlyForDeploymentPostprocessing = 0;
		};
/* End PBXSourcesBuildPhase section */

/* Begin PBXTargetDependency section */
		6EC75E2E2EEE5C5100250522 /* PBXTargetDependency */ = {
			isa = PBXTargetDependency;
			target = 6EC75E182EEE5C4F00250522 /* CommunITAppWidgetExtension */;
			targetProxy = 6EC75E2D2EEE5C5100250522 /* PBXContainerItemProxy */;
		};
		C40A3D662EC7E35300273EED /* PBXTargetDependency */ = {
			isa = PBXTargetDependency;
			target = C40A3D512EC7E35100273EED /* CommunityApp */;
			targetProxy = C40A3D652EC7E35300273EED /* PBXContainerItemProxy */;
		};
		C40A3D702EC7E35300273EED /* PBXTargetDependency */ = {
			isa = PBXTargetDependency;
			target = C40A3D512EC7E35100273EED /* CommunityApp */;
			targetProxy = C40A3D6F2EC7E35300273EED /* PBXContainerItemProxy */;
		};
/* End PBXTargetDependency section */

/* Begin XCBuildConfiguration section */
		6EC75E322EEE5C5100250522 /* Debug */ = {
			isa = XCBuildConfiguration;
			buildSettings = {
				ASSETCATALOG_COMPILER_GLOBAL_ACCENT_COLOR_NAME = AccentColor;
				ASSETCATALOG_COMPILER_WIDGET_BACKGROUND_COLOR_NAME = WidgetBackground;
				CODE_SIGN_ENTITLEMENTS = CommunITAppWidgetExtension.entitlements;
				CODE_SIGN_STYLE = Automatic;
				CURRENT_PROJECT_VERSION = 1;
				DEVELOPMENT_TEAM = WD68CHX226;
				GENERATE_INFOPLIST_FILE = YES;
				INFOPLIST_FILE = CommunITAppWidget/Info.plist;
				INFOPLIST_KEY_CFBundleDisplayName = CommunITAppWidget;
				INFOPLIST_KEY_NSHumanReadableCopyright = "";
				IPHONEOS_DEPLOYMENT_TARGET = 26.0;
				LD_RUNPATH_SEARCH_PATHS = (
					"$(inherited)",
					"@executable_path/Frameworks",
					"@executable_path/../../Frameworks",
				);
				MARKETING_VERSION = 1.0;
				PRODUCT_BUNDLE_IDENTIFIER = com.JaydenSetoApps.CommunityApp.CommunITAppWidget;
				PRODUCT_NAME = "$(TARGET_NAME)";
				SKIP_INSTALL = YES;
				STRING_CATALOG_GENERATE_SYMBOLS = YES;
				SWIFT_APPROACHABLE_CONCURRENCY = YES;
				SWIFT_EMIT_LOC_STRINGS = YES;
				SWIFT_UPCOMING_FEATURE_MEMBER_IMPORT_VISIBILITY = YES;
				SWIFT_VERSION = 5.0;
				TARGETED_DEVICE_FAMILY = "1,2";
			};
			name = Debug;
		};
		6EC75E332EEE5C5100250522 /* Release */ = {
			isa = XCBuildConfiguration;
			buildSettings = {
				ASSETCATALOG_COMPILER_GLOBAL_ACCENT_COLOR_NAME = AccentColor;
				ASSETCATALOG_COMPILER_WIDGET_BACKGROUND_COLOR_NAME = WidgetBackground;
				CODE_SIGN_ENTITLEMENTS = CommunITAppWidgetExtension.entitlements;
				CODE_SIGN_STYLE = Automatic;
				CURRENT_PROJECT_VERSION = 1;
				DEVELOPMENT_TEAM = WD68CHX226;
				GENERATE_INFOPLIST_FILE = YES;
				INFOPLIST_FILE = CommunITAppWidget/Info.plist;
				INFOPLIST_KEY_CFBundleDisplayName = CommunITAppWidget;
				INFOPLIST_KEY_NSHumanReadableCopyright = "";
				IPHONEOS_DEPLOYMENT_TARGET = 26.0;
				LD_RUNPATH_SEARCH_PATHS = (
					"$(inherited)",
					"@executable_path/Frameworks",
					"@executable_path/../../Frameworks",
				);
				MARKETING_VERSION = 1.0;
				PRODUCT_BUNDLE_IDENTIFIER = com.JaydenSetoApps.CommunityApp.CommunITAppWidget;
				PRODUCT_NAME = "$(TARGET_NAME)";
				SKIP_INSTALL = YES;
				STRING_CATALOG_GENERATE_SYMBOLS = YES;
				SWIFT_APPROACHABLE_CONCURRENCY = YES;
				SWIFT_EMIT_LOC_STRINGS = YES;
				SWIFT_UPCOMING_FEATURE_MEMBER_IMPORT_VISIBILITY = YES;
				SWIFT_VERSION = 5.0;
				TARGETED_DEVICE_FAMILY = "1,2";
			};
			name = Release;
		};
		C40A3D762EC7E35300273EED /* Debug */ = {
			isa = XCBuildConfiguration;
			buildSettings = {
				ALWAYS_SEARCH_USER_PATHS = NO;
				ASSETCATALOG_COMPILER_GENERATE_SWIFT_ASSET_SYMBOL_EXTENSIONS = YES;
				CLANG_ANALYZER_NONNULL = YES;
				CLANG_ANALYZER_NUMBER_OBJECT_CONVERSION = YES_AGGRESSIVE;
				CLANG_CXX_LANGUAGE_STANDARD = "gnu++20";
				CLANG_ENABLE_MODULES = YES;
				CLANG_ENABLE_OBJC_ARC = YES;
				CLANG_ENABLE_OBJC_WEAK = YES;
				CLANG_WARN_BLOCK_CAPTURE_AUTORELEASING = YES;
				CLANG_WARN_BOOL_CONVERSION = YES;
				CLANG_WARN_COMMA = YES;
				CLANG_WARN_CONSTANT_CONVERSION = YES;
				CLANG_WARN_DEPRECATED_OBJC_IMPLEMENTATIONS = YES;
				CLANG_WARN_DIRECT_OBJC_ISA_USAGE = YES_ERROR;
				CLANG_WARN_DOCUMENTATION_COMMENTS = YES;
				CLANG_WARN_EMPTY_BODY = YES;
				CLANG_WARN_ENUM_CONVERSION = YES;
				CLANG_WARN_INFINITE_RECURSION = YES;
				CLANG_WARN_INT_CONVERSION = YES;
				CLANG_WARN_NON_LITERAL_NULL_CONVERSION = YES;
				CLANG_WARN_OBJC_IMPLICIT_RETAIN_SELF = YES;
				CLANG_WARN_OBJC_LITERAL_CONVERSION = YES;
				CLANG_WARN_OBJC_ROOT_CLASS = YES_ERROR;
				CLANG_WARN_QUOTED_INCLUDE_IN_FRAMEWORK_HEADER = YES;
				CLANG_WARN_RANGE_LOOP_ANALYSIS = YES;
				CLANG_WARN_STRICT_PROTOTYPES = YES;
				CLANG_WARN_SUSPICIOUS_MOVE = YES;
				CLANG_WARN_UNGUARDED_AVAILABILITY = YES_AGGRESSIVE;
				CLANG_WARN_UNREACHABLE_CODE = YES;
				CLANG_WARN__DUPLICATE_METHOD_MATCH = YES;
				COPY_PHASE_STRIP = NO;
				DEBUG_INFORMATION_FORMAT = dwarf;
				ENABLE_STRICT_OBJC_MSGSEND = YES;
				ENABLE_TESTABILITY = YES;
				ENABLE_USER_SCRIPT_SANDBOXING = YES;
				GCC_C_LANGUAGE_STANDARD = gnu17;
				GCC_DYNAMIC_NO_PIC = NO;
				GCC_NO_COMMON_BLOCKS = YES;
				GCC_OPTIMIZATION_LEVEL = 0;
				GCC_PREPROCESSOR_DEFINITIONS = (
					"DEBUG=1",
					"$(inherited)",
				);
				GCC_WARN_64_TO_32_BIT_CONVERSION = YES;
				GCC_WARN_ABOUT_RETURN_TYPE = YES_ERROR;
				GCC_WARN_UNDECLARED_SELECTOR = YES;
				GCC_WARN_UNINITIALIZED_AUTOS = YES_AGGRESSIVE;
				GCC_WARN_UNUSED_FUNCTION = YES;
				GCC_WARN_UNUSED_VARIABLE = YES;
				IPHONEOS_DEPLOYMENT_TARGET = 18.5;
				LOCALIZATION_PREFERS_STRING_CATALOGS = YES;
				MTL_ENABLE_DEBUG_INFO = INCLUDE_SOURCE;
				MTL_FAST_MATH = YES;
				ONLY_ACTIVE_ARCH = YES;
				SDKROOT = iphoneos;
				SWIFT_ACTIVE_COMPILATION_CONDITIONS = "DEBUG $(inherited)";
				SWIFT_OPTIMIZATION_LEVEL = "-Onone";
			};
			name = Debug;
		};
		C40A3D772EC7E35300273EED /* Release */ = {
			isa = XCBuildConfiguration;
			buildSettings = {
				ALWAYS_SEARCH_USER_PATHS = NO;
				ASSETCATALOG_COMPILER_GENERATE_SWIFT_ASSET_SYMBOL_EXTENSIONS = YES;
				CLANG_ANALYZER_NONNULL = YES;
				CLANG_ANALYZER_NUMBER_OBJECT_CONVERSION = YES_AGGRESSIVE;
				CLANG_CXX_LANGUAGE_STANDARD = "gnu++20";
				CLANG_ENABLE_MODULES = YES;
				CLANG_ENABLE_OBJC_ARC = YES;
				CLANG_ENABLE_OBJC_WEAK = YES;
				CLANG_WARN_BLOCK_CAPTURE_AUTORELEASING = YES;
				CLANG_WARN_BOOL_CONVERSION = YES;
				CLANG_WARN_COMMA = YES;
				CLANG_WARN_CONSTANT_CONVERSION = YES;
				CLANG_WARN_DEPRECATED_OBJC_IMPLEMENTATIONS = YES;
				CLANG_WARN_DIRECT_OBJC_ISA_USAGE = YES_ERROR;
				CLANG_WARN_DOCUMENTATION_COMMENTS = YES;
				CLANG_WARN_EMPTY_BODY = YES;
				CLANG_WARN_ENUM_CONVERSION = YES;
				CLANG_WARN_INFINITE_RECURSION = YES;
				CLANG_WARN_INT_CONVERSION = YES;
				CLANG_WARN_NON_LITERAL_NULL_CONVERSION = YES;
				CLANG_WARN_OBJC_IMPLICIT_RETAIN_SELF = YES;
				CLANG_WARN_OBJC_LITERAL_CONVERSION = YES;
				CLANG_WARN_OBJC_ROOT_CLASS = YES_ERROR;
				CLANG_WARN_QUOTED_INCLUDE_IN_FRAMEWORK_HEADER = YES;
				CLANG_WARN_RANGE_LOOP_ANALYSIS = YES;
				CLANG_WARN_STRICT_PROTOTYPES = YES;
				CLANG_WARN_SUSPICIOUS_MOVE = YES;
				CLANG_WARN_UNGUARDED_AVAILABILITY = YES_AGGRESSIVE;
				CLANG_WARN_UNREACHABLE_CODE = YES;
				CLANG_WARN__DUPLICATE_METHOD_MATCH = YES;
				COPY_PHASE_STRIP = NO;
				DEBUG_INFORMATION_FORMAT = "dwarf-with-dsym";
				ENABLE_NS_ASSERTIONS = NO;
				ENABLE_STRICT_OBJC_MSGSEND = YES;
				ENABLE_USER_SCRIPT_SANDBOXING = YES;
				GCC_C_LANGUAGE_STANDARD = gnu17;
				GCC_NO_COMMON_BLOCKS = YES;
				GCC_WARN_64_TO_32_BIT_CONVERSION = YES;
				GCC_WARN_ABOUT_RETURN_TYPE = YES_ERROR;
				GCC_WARN_UNDECLARED_SELECTOR = YES;
				GCC_WARN_UNINITIALIZED_AUTOS = YES_AGGRESSIVE;
				GCC_WARN_UNUSED_FUNCTION = YES;
				GCC_WARN_UNUSED_VARIABLE = YES;
				IPHONEOS_DEPLOYMENT_TARGET = 18.5;
				LOCALIZATION_PREFERS_STRING_CATALOGS = YES;
				MTL_ENABLE_DEBUG_INFO = NO;
				MTL_FAST_MATH = YES;
				SDKROOT = iphoneos;
				SWIFT_COMPILATION_MODE = wholemodule;
				VALIDATE_PRODUCT = YES;
			};
			name = Release;
		};
		C40A3D792EC7E35300273EED /* Debug */ = {
			isa = XCBuildConfiguration;
			buildSettings = {
				ASSETCATALOG_COMPILER_APPICON_NAME = AppIcon;
				ASSETCATALOG_COMPILER_GLOBAL_ACCENT_COLOR_NAME = AccentColor;
				CODE_SIGN_ENTITLEMENTS = CommunityApp/CommunityApp.entitlements;
				CODE_SIGN_STYLE = Automatic;
				CURRENT_PROJECT_VERSION = 1;
				DEVELOPMENT_TEAM = WD68CHX226;
				ENABLE_PREVIEWS = YES;
				GENERATE_INFOPLIST_FILE = YES;
				INFOPLIST_KEY_NSLocationAlwaysAndWhenInUseUsageDescription = "We need your location to center the map for local searches";
				INFOPLIST_KEY_NSLocationWhenInUseUsageDescription = "We need your location to center the map for local searches";
				INFOPLIST_KEY_NSPhotoLibraryUsageDescription = "Access to your library is needed to add an image.";
				INFOPLIST_KEY_UIApplicationSceneManifest_Generation = YES;
				INFOPLIST_KEY_UIApplicationSupportsIndirectInputEvents = YES;
				INFOPLIST_KEY_UILaunchScreen_Generation = YES;
				INFOPLIST_KEY_UISupportedInterfaceOrientations_iPad = "UIInterfaceOrientationPortrait UIInterfaceOrientationPortraitUpsideDown UIInterfaceOrientationLandscapeLeft UIInterfaceOrientationLandscapeRight";
				INFOPLIST_KEY_UISupportedInterfaceOrientations_iPhone = "UIInterfaceOrientationPortrait UIInterfaceOrientationLandscapeLeft UIInterfaceOrientationLandscapeRight";
				LD_RUNPATH_SEARCH_PATHS = (
					"$(inherited)",
					"@executable_path/Frameworks",
				);
				MARKETING_VERSION = 1.0;
				PRODUCT_BUNDLE_IDENTIFIER = com.JaydenSetoApps.CommunityApp;
				PRODUCT_NAME = "$(TARGET_NAME)";
				SWIFT_EMIT_LOC_STRINGS = YES;
				SWIFT_VERSION = 5.0;
				TARGETED_DEVICE_FAMILY = "1,2";
			};
			name = Debug;
		};
		C40A3D7A2EC7E35300273EED /* Release */ = {
			isa = XCBuildConfiguration;
			buildSettings = {
				ASSETCATALOG_COMPILER_APPICON_NAME = AppIcon;
				ASSETCATALOG_COMPILER_GLOBAL_ACCENT_COLOR_NAME = AccentColor;
				CODE_SIGN_ENTITLEMENTS = CommunityApp/CommunityApp.entitlements;
				CODE_SIGN_STYLE = Automatic;
				CURRENT_PROJECT_VERSION = 1;
				DEVELOPMENT_TEAM = WD68CHX226;
				ENABLE_PREVIEWS = YES;
				GENERATE_INFOPLIST_FILE = YES;
				INFOPLIST_KEY_NSLocationAlwaysAndWhenInUseUsageDescription = "We need your location to center the map for local searches";
				INFOPLIST_KEY_NSLocationWhenInUseUsageDescription = "We need your location to center the map for local searches";
				INFOPLIST_KEY_NSPhotoLibraryUsageDescription = "Access to your library is needed to add an image.";
				INFOPLIST_KEY_UIApplicationSceneManifest_Generation = YES;
				INFOPLIST_KEY_UIApplicationSupportsIndirectInputEvents = YES;
				INFOPLIST_KEY_UILaunchScreen_Generation = YES;
				INFOPLIST_KEY_UISupportedInterfaceOrientations_iPad = "UIInterfaceOrientationPortrait UIInterfaceOrientationPortraitUpsideDown UIInterfaceOrientationLandscapeLeft UIInterfaceOrientationLandscapeRight";
				INFOPLIST_KEY_UISupportedInterfaceOrientations_iPhone = "UIInterfaceOrientationPortrait UIInterfaceOrientationLandscapeLeft UIInterfaceOrientationLandscapeRight";
				LD_RUNPATH_SEARCH_PATHS = (
					"$(inherited)",
					"@executable_path/Frameworks",
				);
				MARKETING_VERSION = 1.0;
				PRODUCT_BUNDLE_IDENTIFIER = com.JaydenSetoApps.CommunityApp;
				PRODUCT_NAME = "$(TARGET_NAME)";
				SWIFT_EMIT_LOC_STRINGS = YES;
				SWIFT_VERSION = 5.0;
				TARGETED_DEVICE_FAMILY = "1,2";
			};
			name = Release;
		};
		C40A3D7C2EC7E35300273EED /* Debug */ = {
			isa = XCBuildConfiguration;
			buildSettings = {
				BUNDLE_LOADER = "$(TEST_HOST)";
				CODE_SIGN_STYLE = Automatic;
				CURRENT_PROJECT_VERSION = 1;
				GENERATE_INFOPLIST_FILE = YES;
				IPHONEOS_DEPLOYMENT_TARGET = 18.5;
				MARKETING_VERSION = 1.0;
				PRODUCT_BUNDLE_IDENTIFIER = com.JaydenSetoApps.CommunityAppTests;
				PRODUCT_NAME = "$(TARGET_NAME)";
				SWIFT_EMIT_LOC_STRINGS = NO;
				SWIFT_VERSION = 5.0;
				TARGETED_DEVICE_FAMILY = "1,2";
				TEST_HOST = "$(BUILT_PRODUCTS_DIR)/CommunityApp.app/$(BUNDLE_EXECUTABLE_FOLDER_PATH)/CommunityApp";
			};
			name = Debug;
		};
		C40A3D7D2EC7E35300273EED /* Release */ = {
			isa = XCBuildConfiguration;
			buildSettings = {
				BUNDLE_LOADER = "$(TEST_HOST)";
				CODE_SIGN_STYLE = Automatic;
				CURRENT_PROJECT_VERSION = 1;
				GENERATE_INFOPLIST_FILE = YES;
				IPHONEOS_DEPLOYMENT_TARGET = 18.5;
				MARKETING_VERSION = 1.0;
				PRODUCT_BUNDLE_IDENTIFIER = com.JaydenSetoApps.CommunityAppTests;
				PRODUCT_NAME = "$(TARGET_NAME)";
				SWIFT_EMIT_LOC_STRINGS = NO;
				SWIFT_VERSION = 5.0;
				TARGETED_DEVICE_FAMILY = "1,2";
				TEST_HOST = "$(BUILT_PRODUCTS_DIR)/CommunityApp.app/$(BUNDLE_EXECUTABLE_FOLDER_PATH)/CommunityApp";
			};
			name = Release;
		};
		C40A3D7F2EC7E35300273EED /* Debug */ = {
			isa = XCBuildConfiguration;
			buildSettings = {
				CODE_SIGN_STYLE = Automatic;
				CURRENT_PROJECT_VERSION = 1;
				GENERATE_INFOPLIST_FILE = YES;
				MARKETING_VERSION = 1.0;
				PRODUCT_BUNDLE_IDENTIFIER = com.JaydenSetoApps.CommunityAppUITests;
				PRODUCT_NAME = "$(TARGET_NAME)";
				SWIFT_EMIT_LOC_STRINGS = NO;
				SWIFT_VERSION = 5.0;
				TARGETED_DEVICE_FAMILY = "1,2";
				TEST_TARGET_NAME = CommunityApp;
			};
			name = Debug;
		};
		C40A3D802EC7E35300273EED /* Release */ = {
			isa = XCBuildConfiguration;
			buildSettings = {
				CODE_SIGN_STYLE = Automatic;
				CURRENT_PROJECT_VERSION = 1;
				GENERATE_INFOPLIST_FILE = YES;
				MARKETING_VERSION = 1.0;
				PRODUCT_BUNDLE_IDENTIFIER = com.JaydenSetoApps.CommunityAppUITests;
				PRODUCT_NAME = "$(TARGET_NAME)";
				SWIFT_EMIT_LOC_STRINGS = NO;
				SWIFT_VERSION = 5.0;
				TARGETED_DEVICE_FAMILY = "1,2";
				TEST_TARGET_NAME = CommunityApp;
			};
			name = Release;
		};
/* End XCBuildConfiguration section */

/* Begin XCConfigurationList section */
		6EC75E312EEE5C5100250522 /* Build configuration list for PBXNativeTarget "CommunITAppWidgetExtension" */ = {
			isa = XCConfigurationList;
			buildConfigurations = (
				6EC75E322EEE5C5100250522 /* Debug */,
				6EC75E332EEE5C5100250522 /* Release */,
			);
			defaultConfigurationIsVisible = 0;
			defaultConfigurationName = Release;
		};
		C40A3D4D2EC7E35100273EED /* Build configuration list for PBXProject "CommunityApp" */ = {
			isa = XCConfigurationList;
			buildConfigurations = (
				C40A3D762EC7E35300273EED /* Debug */,
				C40A3D772EC7E35300273EED /* Release */,
			);
			defaultConfigurationIsVisible = 0;
			defaultConfigurationName = Release;
		};
		C40A3D782EC7E35300273EED /* Build configuration list for PBXNativeTarget "CommunityApp" */ = {
			isa = XCConfigurationList;
			buildConfigurations = (
				C40A3D792EC7E35300273EED /* Debug */,
				C40A3D7A2EC7E35300273EED /* Release */,
			);
			defaultConfigurationIsVisible = 0;
			defaultConfigurationName = Release;
		};
		C40A3D7B2EC7E35300273EED /* Build configuration list for PBXNativeTarget "CommunityAppTests" */ = {
			isa = XCConfigurationList;
			buildConfigurations = (
				C40A3D7C2EC7E35300273EED /* Debug */,
				C40A3D7D2EC7E35300273EED /* Release */,
			);
			defaultConfigurationIsVisible = 0;
			defaultConfigurationName = Release;
		};
		C40A3D7E2EC7E35300273EED /* Build configuration list for PBXNativeTarget "CommunityAppUITests" */ = {
			isa = XCConfigurationList;
			buildConfigurations = (
				C40A3D7F2EC7E35300273EED /* Debug */,
				C40A3D802EC7E35300273EED /* Release */,
			);
			defaultConfigurationIsVisible = 0;
			defaultConfigurationName = Release;
		};
/* End XCConfigurationList section */

/* Begin XCRemoteSwiftPackageReference section */
		C40A3E8A2ECAC17200273EED /* XCRemoteSwiftPackageReference "firebase-ios-sdk" */ = {
			isa = XCRemoteSwiftPackageReference;
			repositoryURL = "https://github.com/firebase/firebase-ios-sdk";
			requirement = {
				kind = upToNextMajorVersion;
				minimumVersion = 12.6.0;
			};
		};
/* End XCRemoteSwiftPackageReference section */

/* Begin XCSwiftPackageProductDependency section */
		C40A3E8B2ECAC17200273EED /* FirebaseAI */ = {
			isa = XCSwiftPackageProductDependency;
			package = C40A3E8A2ECAC17200273EED /* XCRemoteSwiftPackageReference "firebase-ios-sdk" */;
			productName = FirebaseAI;
		};
		C40A3E8D2ECAC17200273EED /* FirebaseAnalytics */ = {
			isa = XCSwiftPackageProductDependency;
			package = C40A3E8A2ECAC17200273EED /* XCRemoteSwiftPackageReference "firebase-ios-sdk" */;
			productName = FirebaseAnalytics;
		};
		C40A3E8F2ECAC17200273EED /* FirebaseAnalyticsCore */ = {
			isa = XCSwiftPackageProductDependency;
			package = C40A3E8A2ECAC17200273EED /* XCRemoteSwiftPackageReference "firebase-ios-sdk" */;
			productName = FirebaseAnalyticsCore;
		};
		C40A3E912ECAC17200273EED /* FirebaseAnalyticsIdentitySupport */ = {
			isa = XCSwiftPackageProductDependency;
			package = C40A3E8A2ECAC17200273EED /* XCRemoteSwiftPackageReference "firebase-ios-sdk" */;
			productName = FirebaseAnalyticsIdentitySupport;
		};
		C40A3E932ECAC17200273EED /* FirebaseAuth */ = {
			isa = XCSwiftPackageProductDependency;
			package = C40A3E8A2ECAC17200273EED /* XCRemoteSwiftPackageReference "firebase-ios-sdk" */;
			productName = FirebaseAuth;
		};
		C40A3E952ECAC17200273EED /* FirebaseCore */ = {
			isa = XCSwiftPackageProductDependency;
			package = C40A3E8A2ECAC17200273EED /* XCRemoteSwiftPackageReference "firebase-ios-sdk" */;
			productName = FirebaseCore;
		};
		C40A3E972ECAC17200273EED /* FirebaseCrashlytics */ = {
			isa = XCSwiftPackageProductDependency;
			package = C40A3E8A2ECAC17200273EED /* XCRemoteSwiftPackageReference "firebase-ios-sdk" */;
			productName = FirebaseCrashlytics;
		};
		C40A3E992ECAC17200273EED /* FirebaseDatabase */ = {
			isa = XCSwiftPackageProductDependency;
			package = C40A3E8A2ECAC17200273EED /* XCRemoteSwiftPackageReference "firebase-ios-sdk" */;
			productName = FirebaseDatabase;
		};
		C40A3E9B2ECAC17200273EED /* FirebaseFirestore */ = {
			isa = XCSwiftPackageProductDependency;
			package = C40A3E8A2ECAC17200273EED /* XCRemoteSwiftPackageReference "firebase-ios-sdk" */;
			productName = FirebaseFirestore;
		};
		C40A3E9D2ECAC17200273EED /* FirebaseFirestoreCombine-Community */ = {
			isa = XCSwiftPackageProductDependency;
			package = C40A3E8A2ECAC17200273EED /* XCRemoteSwiftPackageReference "firebase-ios-sdk" */;
			productName = "FirebaseFirestoreCombine-Community";
		};
		C40A3E9F2ECAC17200273EED /* FirebaseFunctions */ = {
			isa = XCSwiftPackageProductDependency;
			package = C40A3E8A2ECAC17200273EED /* XCRemoteSwiftPackageReference "firebase-ios-sdk" */;
			productName = FirebaseFunctions;
		};
		C40A3EA12ECAC17200273EED /* FirebaseFunctionsCombine-Community */ = {
			isa = XCSwiftPackageProductDependency;
			package = C40A3E8A2ECAC17200273EED /* XCRemoteSwiftPackageReference "firebase-ios-sdk" */;
			productName = "FirebaseFunctionsCombine-Community";
		};
		C40A3EA32ECAC17200273EED /* FirebaseInstallations */ = {
			isa = XCSwiftPackageProductDependency;
			package = C40A3E8A2ECAC17200273EED /* XCRemoteSwiftPackageReference "firebase-ios-sdk" */;
			productName = FirebaseInstallations;
		};
		C40A3EA52ECAC17200273EED /* FirebasePerformance */ = {
			isa = XCSwiftPackageProductDependency;
			package = C40A3E8A2ECAC17200273EED /* XCRemoteSwiftPackageReference "firebase-ios-sdk" */;
			productName = FirebasePerformance;
		};
		C40A3EA72ECAC17200273EED /* FirebaseStorage */ = {
			isa = XCSwiftPackageProductDependency;
			package = C40A3E8A2ECAC17200273EED /* XCRemoteSwiftPackageReference "firebase-ios-sdk" */;
			productName = FirebaseStorage;
		};
		C40A3EA92ECAC17200273EED /* FirebaseStorageCombine-Community */ = {
			isa = XCSwiftPackageProductDependency;
			package = C40A3E8A2ECAC17200273EED /* XCRemoteSwiftPackageReference "firebase-ios-sdk" */;
			productName = "FirebaseStorageCombine-Community";
		};
/* End XCSwiftPackageProductDependency section */
	};
	rootObject = C40A3D4A2EC7E35100273EED /* Project object */;
}
